{
  "name": "frontend",
  "lockfileVersion": 3,
  "requires": true,
  "packages": {
    "": {
      "dependencies": {
        "@geoman-io/leaflet-geoman-free": "^2.19.2"
      }
    },
    "node_modules/@geoman-io/leaflet-geoman-free": {
      "version": "2.19.2",
      "resolved": "https://registry.npmjs.org/@geoman-io/leaflet-geoman-free/-/leaflet-geoman-free-2.19.2.tgz",
      "integrity": "sha512-FYqLCFjCWLc1c5vel83i2ON77zPugH9qfxzLxTt+SiFiMgHjO1dSS59qz23aLLQ0hRWTQdycnxXGNmT+4OC9sg==",
      "license": "MIT",
      "dependencies": {
        "@turf/boolean-contains": "^7.3.3",
        "@turf/kinks": "^7.3.3",
        "@turf/line-intersect": "^7.3.3",
        "@turf/line-split": "^7.3.3",
        "lodash": "4.17.23",
        "polyclip-ts": "^0.16.8"
      },
      "engines": {
        "node": ">=18.0.0"
      },
      "peerDependencies": {
        "leaflet": "^1.2.0"
      }
    },
    "node_modules/@turf/bbox": {
      "version": "7.3.4",
      "resolved": "https://registry.npmjs.org/@turf/bbox/-/bbox-7.3.4.tgz",
      "integrity": "sha512-D5ErVWtfQbEPh11yzI69uxqrcJmbPU/9Y59f1uTapgwAwQHQztDWgsYpnL3ns8r1GmPWLP8sGJLVTIk2TZSiYA==",
      "license": "MIT",
      "dependencies": {
        "@turf/helpers": "7.3.4",
        "@turf/meta": "7.3.4",
        "@types/geojson": "^7946.0.10",
        "tslib": "^2.8.1"
      },
      "funding": {
        "url": "https://opencollective.com/turf"
      }
    },
    "node_modules/@turf/boolean-contains": {
      "version": "7.3.4",
      "resolved": "https://registry.npmjs.org/@turf/boolean-contains/-/boolean-contains-7.3.4.tgz",
      "integrity": "sha512-AJMGbtC6HiXgHvq0RNlTfsDB58Qf9Js45MP/APbhGTH4AiLZ8VMDISywVFNd7qN6oppNlDd3xApVR28+ti8bNg==",
      "license": "MIT",
      "dependencies": {
        "@turf/bbox": "7.3.4",
        "@turf/boolean-point-in-polygon": "7.3.4",
        "@turf/boolean-point-on-line": "7.3.4",
        "@turf/helpers": "7.3.4",
        "@turf/invariant": "7.3.4",
        "@turf/line-split": "7.3.4",
        "@types/geojson": "^7946.0.10",
        "tslib": "^2.8.1"
      },
      "funding": {
        "url": "https://opencollective.com/turf"
      }
    },
    "node_modules/@turf/boolean-point-in-polygon": {
      "version": "7.3.4",
      "resolved": "https://registry.npmjs.org/@turf/boolean-point-in-polygon/-/boolean-point-in-polygon-7.3.4.tgz",
      "integrity": "sha512-v/4hfyY90Vz9cDgs2GwjQf+Lft8o7mNCLJOTz/iv8SHAIgMMX0czEoIaNVOJr7tBqPqwin1CGwsncrkf5C9n8Q==",
      "license": "MIT",
      "dependencies": {
        "@turf/helpers": "7.3.4",
        "@turf/invariant": "7.3.4",
        "@types/geojson": "^7946.0.10",
        "point-in-polygon-hao": "^1.1.0",
        "tslib": "^2.8.1"
      },
      "funding": {
        "url": "https://opencollective.com/turf"
      }
    },
    "node_modules/@turf/boolean-point-on-line": {
      "version": "7.3.4",
      "resolved": "https://registry.npmjs.org/@turf/boolean-point-on-line/-/boolean-point-on-line-7.3.4.tgz",
      "integrity": "sha512-70gm5x6YQOZKcw0b/O4jjMwVWnFj+Zb6TXozLgZFDZShc8pgTQtZku7K+HKZ7Eya+7usHIB4IimZauomOMa+iw==",
      "license": "MIT",
      "dependencies": {
        "@turf/helpers": "7.3.4",
        "@turf/invariant": "7.3.4",
        "@types/geojson": "^7946.0.10",
        "tslib": "^2.8.1"
      },
      "funding": {
        "url": "https://opencollective.com/turf"
      }
    },
    "node_modules/@turf/distance": {
      "version": "7.3.4",
      "resolved": "https://registry.npmjs.org/@turf/distance/-/distance-7.3.4.tgz",
      "integrity": "sha512-9drWgd46uHPPyzgrcRQLgSvdS/SjVlQ6ZIBoRQagS5P2kSjUbcOXHIMeOSPwfxwlKhEtobLyr+IiR2ns1TfF8w==",
      "license": "MIT",
      "dependencies": {
        "@turf/helpers": "7.3.4",
        "@turf/invariant": "7.3.4",
        "@types/geojson": "^7946.0.10",
        "tslib": "^2.8.1"
      },
      "funding": {
        "url": "https://opencollective.com/turf"
      }
    },
    "node_modules/@turf/geojson-rbush": {
      "version": "7.3.4",
      "resolved": "https://registry.npmjs.org/@turf/geojson-rbush/-/geojson-rbush-7.3.4.tgz",
      "integrity": "sha512-aDG/5mMCgKduqBwZ3XpLOdlE2hizV3fM+5dHCWyrBepCQLeM/QRvvpBDCdQKDWKpoIBmrGGYDNiOofnf3QmGhg==",
      "license": "MIT",
      "dependencies": {
        "@turf/bbox": "7.3.4",
        "@turf/helpers": "7.3.4",
        "@turf/meta": "7.3.4",
        "@types/geojson": "^7946.0.10",
        "rbush": "^3.0.1",
        "tslib": "^2.8.1"
      },
      "funding": {
        "url": "https://opencollective.com/turf"
      }
    },
    "node_modules/@turf/helpers": {
      "version": "7.3.4",
      "resolved": "https://registry.npmjs.org/@turf/helpers/-/helpers-7.3.4.tgz",
      "integrity": "sha512-U/S5qyqgx3WTvg4twaH0WxF3EixoTCfDsmk98g1E3/5e2YKp7JKYZdz0vivsS5/UZLJeZDEElOSFH4pUgp+l7g==",
      "license": "MIT",
      "dependencies": {
        "@types/geojson": "^7946.0.10",
        "tslib": "^2.8.1"
      },
      "funding": {
        "url": "https://opencollective.com/turf"
      }
    },
    "node_modules/@turf/invariant": {
      "version": "7.3.4",
      "resolved": "https://registry.npmjs.org/@turf/invariant/-/invariant-7.3.4.tgz",
      "integrity": "sha512-88Eo4va4rce9sNZs6XiMJowWkikM3cS2TBhaCKlU+GFHdNf8PFEpiU42VDU8q5tOF6/fu21Rvlke5odgOGW4AQ==",
      "license": "MIT",
      "dependencies": {
        "@turf/helpers": "7.3.4",
        "@types/geojson": "^7946.0.10",
        "tslib": "^2.8.1"
      },
      "funding": {
        "url": "https://opencollective.com/turf"
      }
    },
    "node_modules/@turf/kinks": {
      "version": "7.3.4",
      "resolved": "https://registry.npmjs.org/@turf/kinks/-/kinks-7.3.4.tgz",
      "integrity": "sha512-LZTKELWxvXl0vc9ZxVgi0v07fO9+2FrZOam2B10fz/eGjy3oKNazU5gjggbnc499wEIcJS4hN+VyjQZrmsJAdQ==",
      "license": "MIT",
      "dependencies": {
        "@turf/helpers": "7.3.4",
        "@types/geojson": "^7946.0.10",
        "tslib": "^2.8.1"
      },
      "funding": {
        "url": "https://opencollective.com/turf"
      }
    },
    "node_modules/@turf/line-intersect": {
      "version": "7.3.4",
      "resolved": "https://registry.npmjs.org/@turf/line-intersect/-/line-intersect-7.3.4.tgz",
      "integrity": "sha512-XygbTvHa6A+v6l2ZKYtS8AAWxwmrPxKxfBbdH75uED1JvdytSLWYTKGlcU3soxd9sYb4x/g9sDvRIVyU6Lucrg==",
      "license": "MIT",
      "dependencies": {
        "@turf/helpers": "7.3.4",
        "@types/geojson": "^7946.0.10",
        "sweepline-intersections": "^1.5.0",
        "tslib": "^2.8.1"
      },
      "funding": {
        "url": "https://opencollective.com/turf"
      }
    },
    "node_modules/@turf/line-segment": {
      "version": "7.3.4",
      "resolved": "https://registry.npmjs.org/@turf/line-segment/-/line-segment-7.3.4.tgz",
      "integrity": "sha512-UeISzf/JHoWEY5yeoyvKwA5epWcvJMCpCwbIMolvfTC5pp+IVozjHPVCRvRWuzmbmAvetcW0unL5bjqi0ADmuQ==",
      "license": "MIT",
      "dependencies": {
        "@turf/helpers": "7.3.4",
        "@turf/invariant": "7.3.4",
        "@turf/meta": "7.3.4",
        "@types/geojson": "^7946.0.10",
        "tslib": "^2.8.1"
      },
      "funding": {
        "url": "https://opencollective.com/turf"
      }
    },
    "node_modules/@turf/line-split": {
      "version": "7.3.4",
      "resolved": "https://registry.npmjs.org/@turf/line-split/-/line-split-7.3.4.tgz",
      "integrity": "sha512-l1zmCSUnGsiN4gf22Aw91a2VnYs5DZS67FdkYqKgr+wPEAL/gpQgIBBWSTmhwY8zb3NEqty+f/gMEe8EJAWYng==",
      "license": "MIT",
      "dependencies": {
        "@turf/bbox": "7.3.4",
        "@turf/geojson-rbush": "7.3.4",
        "@turf/helpers": "7.3.4",
        "@turf/invariant": "7.3.4",
        "@turf/line-intersect": "7.3.4",
        "@turf/line-segment": "7.3.4",
        "@turf/meta": "7.3.4",
        "@turf/nearest-point-on-line": "7.3.4",
        "@turf/truncate": "7.3.4",
        "@types/geojson": "^7946.0.10",
        "tslib": "^2.8.1"
      },
      "funding": {
        "url": "https://opencollective.com/turf"
      }
    },
    "node_modules/@turf/meta": {
      "version": "7.3.4",
      "resolved": "https://registry.npmjs.org/@turf/meta/-/meta-7.3.4.tgz",
      "integrity": "sha512-tlmw9/Hs1p2n0uoHVm1w3ugw1I6L8jv9YZrcdQa4SH5FX5UY0ATrKeIvfA55FlL//PGuYppJp+eyg/0eb4goqw==",
      "license": "MIT",
      "dependencies": {
        "@turf/helpers": "7.3.4",
        "@types/geojson": "^7946.0.10",
        "tslib": "^2.8.1"
      },
      "funding": {
        "url": "https://opencollective.com/turf"
      }
    },
    "node_modules/@turf/nearest-point-on-line": {
      "version": "7.3.4",
      "resolved": "https://registry.npmjs.org/@turf/nearest-point-on-line/-/nearest-point-on-line-7.3.4.tgz",
      "integrity": "sha512-DQrP3lRju83rIXFN68tUEpc7ki/eRwdwBkK2CTT4RAcyCxbcH2NGJPQv8dYiww/Ar77u1WLVn+aINXZH904dWw==",
      "license": "MIT",
      "dependencies": {
        "@turf/distance": "7.3.4",
        "@turf/helpers": "7.3.4",
        "@turf/invariant": "7.3.4",
        "@turf/meta": "7.3.4",
        "@types/geojson": "^7946.0.10",
        "tslib": "^2.8.1"
      },
      "funding": {
        "url": "https://opencollective.com/turf"
      }
    },
    "node_modules/@turf/truncate": {
      "version": "7.3.4",
      "resolved": "https://registry.npmjs.org/@turf/truncate/-/truncate-7.3.4.tgz",
      "integrity": "sha512-VPXdae9+RLLM19FMrJgt7QANBikm7DxPbfp/dXgzE4Ca7v+mJ4T1fYc7gCZDaqOrWMccHKbvv4iSuW7YZWdIIA==",
      "license": "MIT",
      "dependencies": {
        "@turf/helpers": "7.3.4",
        "@turf/meta": "7.3.4",
        "@types/geojson": "^7946.0.10",
        "tslib": "^2.8.1"
      },
      "funding": {
        "url": "https://opencollective.com/turf"
      }
    },
    "node_modules/@types/geojson": {
      "version": "7946.0.16",
      "resolved": "https://registry.npmjs.org/@types/geojson/-/geojson-7946.0.16.tgz",
      "integrity": "sha512-6C8nqWur3j98U6+lXDfTUWIfgvZU+EumvpHKcYjujKH7woYyLj2sUmff0tRhrqM7BohUw7Pz3ZB1jj2gW9Fvmg==",
      "license": "MIT"
    },
    "node_modules/bignumber.js": {
      "version": "9.3.1",
      "resolved": "https://registry.npmjs.org/bignumber.js/-/bignumber.js-9.3.1.tgz",
      "integrity": "sha512-Ko0uX15oIUS7wJ3Rb30Fs6SkVbLmPBAKdlm7q9+ak9bbIeFf0MwuBsQV6z7+X768/cHsfg+WlysDWJcmthjsjQ==",
      "license": "MIT",
      "engines": {
        "node": "*"
      }
    },
    "node_modules/leaflet": {
      "version": "1.9.4",
      "resolved": "https://registry.npmjs.org/leaflet/-/leaflet-1.9.4.tgz",
      "integrity": "sha512-nxS1ynzJOmOlHp+iL3FyWqK89GtNL8U8rvlMOsQdTTssxZwCXh8N2NB3GDQOL+YR3XnWyZAxwQixURb+FA74PA==",
      "license": "BSD-2-Clause",
      "peer": true
    },
    "node_modules/lodash": {
      "version": "4.17.23",
      "resolved": "https://registry.npmjs.org/lodash/-/lodash-4.17.23.tgz",
      "integrity": "sha512-LgVTMpQtIopCi79SJeDiP0TfWi5CNEc/L/aRdTh3yIvmZXTnheWpKjSZhnvMl8iXbC1tFg9gdHHDMLoV7CnG+w==",
      "license": "MIT"
    },
    "node_modules/point-in-polygon-hao": {
      "version": "1.2.4",
      "resolved": "https://registry.npmjs.org/point-in-polygon-hao/-/point-in-polygon-hao-1.2.4.tgz",
      "integrity": "sha512-x2pcvXeqhRHlNRdhLs/tgFapAbSSe86wa/eqmj1G6pWftbEs5aVRJhRGM6FYSUERKu0PjekJzMq0gsI2XyiclQ==",
      "license": "MIT",
      "dependencies": {
        "robust-predicates": "^3.0.2"
      }
    },
    "node_modules/polyclip-ts": {
      "version": "0.16.8",
      "resolved": "https://registry.npmjs.org/polyclip-ts/-/polyclip-ts-0.16.8.tgz",
      "integrity": "sha512-JPtKbDRuPEuAjuTdhR62Gph7Is2BS1Szx69CFOO3g71lpJDFo78k4tFyi+qFOMVPePEzdSKkpGU3NBXPHHjvKQ==",
      "license": "MIT",
      "dependencies": {
        "bignumber.js": "^9.1.0",
        "splaytree-ts": "^1.0.2"
      }
    },
    "node_modules/quickselect": {
      "version": "2.0.0",
      "resolved": "https://registry.npmjs.org/quickselect/-/quickselect-2.0.0.tgz",
      "integrity": "sha512-RKJ22hX8mHe3Y6wH/N3wCM6BWtjaxIyyUIkpHOvfFnxdI4yD4tBXEBKSbriGujF6jnSVkJrffuo6vxACiSSxIw==",
      "license": "ISC"
    },
    "node_modules/rbush": {
      "version": "3.0.1",
      "resolved": "https://registry.npmjs.org/rbush/-/rbush-3.0.1.tgz",
      "integrity": "sha512-XRaVO0YecOpEuIvbhbpTrZgoiI6xBlz6hnlr6EHhd+0x9ase6EmeN+hdwwUaJvLcsFFQ8iWVF1GAK1yB0BWi0w==",
      "license": "MIT",
      "dependencies": {
        "quickselect": "^2.0.0"
      }
    },
    "node_modules/robust-predicates": {
      "version": "3.0.3",
      "resolved": "https://registry.npmjs.org/robust-predicates/-/robust-predicates-3.0.3.tgz",
      "integrity": "sha512-NS3levdsRIUOmiJ8FZWCP7LG3QpJyrs/TE0Zpf1yvZu8cAJJ6QMW92H1c7kWpdIHo8RvmLxN/o2JXTKHp74lUA==",
      "license": "Unlicense"
    },
    "node_modules/splaytree-ts": {
      "version": "1.0.2",
      "resolved": "https://registry.npmjs.org/splaytree-ts/-/splaytree-ts-1.0.2.tgz",
      "integrity": "sha512-0kGecIZNIReCSiznK3uheYB8sbstLjCZLiwcQwbmLhgHJj2gz6OnSPkVzJQCMnmEz1BQ4gPK59ylhBoEWOhGNA==",
      "license": "BDS-3-Clause"
    },
    "node_modules/sweepline-intersections": {
      "version": "1.5.0",
      "resolved": "https://registry.npmjs.org/sweepline-intersections/-/sweepline-intersections-1.5.0.tgz",
      "integrity": "sha512-AoVmx72QHpKtItPu72TzFL+kcYjd67BPLDoR0LarIk+xyaRg+pDTMFXndIEvZf9xEKnJv6JdhgRMnocoG0D3AQ==",
      "license": "MIT",
      "dependencies": {
        "tinyqueue": "^2.0.0"
      }
    },
    "node_modules/tinyqueue": {
      "version": "2.0.3",
      "resolved": "https://registry.npmjs.org/tinyqueue/-/tinyqueue-2.0.3.tgz",
      "integrity": "sha512-ppJZNDuKGgxzkHihX8v9v9G5f+18gzaTfrukGrq6ueg0lmH4nqVnA2IPG0AEH3jKEk2GRJCUhDoqpoiw3PHLBA==",
      "license": "ISC"
    },
    "node_modules/tslib": {
      "version": "2.8.1",
      "resolved": "https://registry.npmjs.org/tslib/-/tslib-2.8.1.tgz",
      "integrity": "sha512-oJFu94HQb+KVduSUQL7wnpmqnfmLsOA/nAh6b6EH0wCEoK0/mPeXU6c3wKDV83MkOuHPRHtSXKKU99IBazS/2w==",
      "license": "0BSD"
    }
  }
}
